
Microsoft Visual Studio Solution File, Format Version 12.00
# Visual Studio Version 17
VisualStudioVersion = 17.2.32519.379
MinimumVisualStudioVersion = 10.0.40219.1
Project("{FAE04EC0-301F-11D3-BF4B-00C04F79EFBC}") = "prntsc_gen", "prntsc_gen.csproj", "{4367BD28-C4F8-4536-BC84-D4E169028034}"
EndProject
Global
	GlobalSection(SolutionConfigurationPlatforms) = preSolution
		Debug|Any CPU = Debug|Any CPU
		Release|Any CPU = Release|Any CPU
	EndGlobalSection
	GlobalSection(ProjectConfigurationPlatforms) = postSolution
		{4367BD28-C4F8-4536-BC84-D4E169028034}.Debug|Any CPU.ActiveCfg = Debug|Any CPU
		{4367BD28-C4F8-4536-BC84-D4E169028034}.Debug|Any CPU.Build.0 = Debug|Any CPU
		{4367BD28-C4F8-4536-BC84-D4E169028034}.Release|Any CPU.ActiveCfg = Release|Any CPU
		{4367BD28-C4F8-4536-BC84-D4E169028034}.Release|Any CPU.Build.0 = Release|Any CPU
	EndGlobalSection
	GlobalSection(SolutionProperties) = preSolution
		HideSolutionNode = FALSE
	EndGlobalSection
	GlobalSection(ExtensibilityGlobals) = postSolution
		SolutionGuid = {E5EC5E36-9357-45B9-8CDC-59B6EB23DCCB}
	EndGlobalSection
EndGlobal
